
Microsoft Visual Studio Solution File, Format Version 12.00
# Visual Studio Version 17
VisualStudioVersion = 17.9.34723.18
MinimumVisualStudioVersion = 10.0.40219.1
Project("{FAE04EC0-301F-11D3-BF4B-00C04F79EFBC}") = "ZigZag.WebAPI", "ZigZag.WebAPI\ZigZag.WebAPI.csproj", "{1DB1E345-EEAF-4891-A736-111A9B574ED8}"
EndProject
Project("{FAE04EC0-301F-11D3-BF4B-00C04F79EFBC}") = "ZigZag.Application", "ZigZag.Application\ZigZag.Application.csproj", "{119D4D10-E6EC-46AD-AE14-C7DE1FBA15BF}"
EndProject
Project("{FAE04EC0-301F-11D3-BF4B-00C04F79EFBC}") = "ZigZag.Infrastructure", "ZigZag.Infrastructure\ZigZag.Infrastructure.csproj", "{F99681FF-C621-47A7-BF27-887DBF1D4464}"
EndProject
Project("{FAE04EC0-301F-11D3-BF4B-00C04F79EFBC}") = "ZigZag.Domain", "ZigZag.Domain\ZigZag.Domain.csproj", "{C4F62E54-00A8-4FCC-8F49-55FCD20622E2}"
EndProject
Global
	GlobalSection(SolutionConfigurationPlatforms) = preSolution
		Debug|Any CPU = Debug|Any CPU
		Release|Any CPU = Release|Any CPU
	EndGlobalSection
	GlobalSection(ProjectConfigurationPlatforms) = postSolution
		{1DB1E345-EEAF-4891-A736-111A9B574ED8}.Debug|Any CPU.ActiveCfg = Debug|Any CPU
		{1DB1E345-EEAF-4891-A736-111A9B574ED8}.Debug|Any CPU.Build.0 = Debug|Any CPU
		{1DB1E345-EEAF-4891-A736-111A9B574ED8}.Release|Any CPU.ActiveCfg = Release|Any CPU
		{1DB1E345-EEAF-4891-A736-111A9B574ED8}.Release|Any CPU.Build.0 = Release|Any CPU
		{119D4D10-E6EC-46AD-AE14-C7DE1FBA15BF}.Debug|Any CPU.ActiveCfg = Debug|Any CPU
		{119D4D10-E6EC-46AD-AE14-C7DE1FBA15BF}.Debug|Any CPU.Build.0 = Debug|Any CPU
		{119D4D10-E6EC-46AD-AE14-C7DE1FBA15BF}.Release|Any CPU.ActiveCfg = Release|Any CPU
		{119D4D10-E6EC-46AD-AE14-C7DE1FBA15BF}.Release|Any CPU.Build.0 = Release|Any CPU
		{F99681FF-C621-47A7-BF27-887DBF1D4464}.Debug|Any CPU.ActiveCfg = Debug|Any CPU
		{F99681FF-C621-47A7-BF27-887DBF1D4464}.Debug|Any CPU.Build.0 = Debug|Any CPU
		{F99681FF-C621-47A7-BF27-887DBF1D4464}.Release|Any CPU.ActiveCfg = Release|Any CPU
		{F99681FF-C621-47A7-BF27-887DBF1D4464}.Release|Any CPU.Build.0 = Release|Any CPU
		{C4F62E54-00A8-4FCC-8F49-55FCD20622E2}.Debug|Any CPU.ActiveCfg = Debug|Any CPU
		{C4F62E54-00A8-4FCC-8F49-55FCD20622E2}.Debug|Any CPU.Build.0 = Debug|Any CPU
		{C4F62E54-00A8-4FCC-8F49-55FCD20622E2}.Release|Any CPU.ActiveCfg = Release|Any CPU
		{C4F62E54-00A8-4FCC-8F49-55FCD20622E2}.Release|Any CPU.Build.0 = Release|Any CPU
	EndGlobalSection
	GlobalSection(SolutionProperties) = preSolution
		HideSolutionNode = FALSE
	EndGlobalSection
	GlobalSection(ExtensibilityGlobals) = postSolution
		SolutionGuid = {F60A16E5-9D77-4202-8C03-8316CE9CBB41}
	EndGlobalSection
EndGlobal
